// !$*UTF8*$!
{
	archiveVersion = 1;
	classes = {
	};
	objectVersion = 50;
	objects = {

/* Begin PBXBuildFile section */
		79A55A5925EE364400CC8767 /* AppDelegate.swift in Sources */ = {isa = PBXBuildFile; fileRef = 79A55A5825EE364400CC8767 /* AppDelegate.swift */; };
		79A55A5B25EE364400CC8767 /* SceneDelegate.swift in Sources */ = {isa = PBXBuildFile; fileRef = 79A55A5A25EE364400CC8767 /* SceneDelegate.swift */; };
		79A55A5D25EE364400CC8767 /* ViewController.swift in Sources */ = {isa = PBXBuildFile; fileRef = 79A55A5C25EE364400CC8767 /* ViewController.swift */; };
		79A55A6025EE364400CC8767 /* Main.storyboard in Resources */ = {isa = PBXBuildFile; fileRef = 79A55A5E25EE364400CC8767 /* Main.storyboard */; };
		79A55A6325EE364400CC8767 /* ChatApp.xcdatamodeld in Sources */ = {isa = PBXBuildFile; fileRef = 79A55A6125EE364400CC8767 /* ChatApp.xcdatamodeld */; };
		79A55A6525EE364800CC8767 /* Assets.xcassets in Resources */ = {isa = PBXBuildFile; fileRef = 79A55A6425EE364800CC8767 /* Assets.xcassets */; };
		79A55A6825EE364800CC8767 /* LaunchScreen.storyboard in Resources */ = {isa = PBXBuildFile; fileRef = 79A55A6625EE364800CC8767 /* LaunchScreen.storyboard */; };
		79A55A7325EE364900CC8767 /* ChatAppTests.swift in Sources */ = {isa = PBXBuildFile; fileRef = 79A55A7225EE364900CC8767 /* ChatAppTests.swift */; };
		79A55A7E25EE364900CC8767 /* ChatAppUITests.swift in Sources */ = {isa = PBXBuildFile; fileRef = 79A55A7D25EE364900CC8767 /* ChatAppUITests.swift */; };
/* End PBXBuildFile section */

/* Begin PBXContainerItemProxy section */
		79A55A6F25EE364900CC8767 /* PBXContainerItemProxy */ = {
			isa = PBXContainerItemProxy;
			containerPortal = 79A55A4D25EE364400CC8767 /* Project object */;
			proxyType = 1;
			remoteGlobalIDString = 79A55A5425EE364400CC8767;
			remoteInfo = ChatApp;
		};
		79A55A7A25EE364900CC8767 /* PBXContainerItemProxy */ = {
			isa = PBXContainerItemProxy;
			containerPortal = 79A55A4D25EE364400CC8767 /* Project object */;
			proxyType = 1;
			remoteGlobalIDString = 79A55A5425EE364400CC8767;
			remoteInfo = ChatApp;
		};
/* End PBXContainerItemProxy section */

/* Begin PBXFileReference section */
		79A55A5525EE364400CC8767 /* ChatApp.app */ = {isa = PBXFileReference; explicitFileType = wrapper.application; includeInIndex = 0; path = ChatApp.app; sourceTree = BUILT_PRODUCTS_DIR; };
		79A55A5825EE364400CC8767 /* AppDelegate.swift */ = {isa = PBXFileReference; lastKnownFileType = sourcecode.swift; path = AppDelegate.swift; sourceTree = "<group>"; };
		79A55A5A25EE364400CC8767 /* SceneDelegate.swift */ = {isa = PBXFileReference; lastKnownFileType = sourcecode.swift; path = SceneDelegate.swift; sourceTree = "<group>"; };
		79A55A5C25EE364400CC8767 /* ViewController.swift */ = {isa = PBXFileReference; lastKnownFileType = sourcecode.swift; path = ViewController.swift; sourceTree = "<group>"; };
		79A55A5F25EE364400CC8767 /* Base */ = {isa = PBXFileReference; lastKnownFileType = file.storyboard; name = Base; path = Base.lproj/Main.storyboard; sourceTree = "<group>"; };
		79A55A6225EE364400CC8767 /* ChatApp.xcdatamodel */ = {isa = PBXFileReference; lastKnownFileType = wrapper.xcdatamodel; path = ChatApp.xcdatamodel; sourceTree = "<group>"; };
		79A55A6425EE364800CC8767 /* Assets.xcassets */ = {isa = PBXFileReference; lastKnownFileType = folder.assetcatalog; path = Assets.xcassets; sourceTree = "<group>"; };
		79A55A6725EE364800CC8767 /* Base */ = {isa = PBXFileReference; lastKnownFileType = file.storyboard; name = Base; path = Base.lproj/LaunchScreen.storyboard; sourceTree = "<group>"; };
		79A55A6925EE364800CC8767 /* Info.plist */ = {isa = PBXFileReference; lastKnownFileType = text.plist.xml; path = Info.plist; sourceTree = "<group>"; };
		79A55A6E25EE364900CC8767 /* ChatAppTests.xctest */ = {isa = PBXFileReference; explicitFileType = wrapper.cfbundle; includeInIndex = 0; path = ChatAppTests.xctest; sourceTree = BUILT_PRODUCTS_DIR; };
		79A55A7225EE364900CC8767 /* ChatAppTests.swift */ = {isa = PBXFileReference; lastKnownFileType = sourcecode.swift; path = ChatAppTests.swift; sourceTree = "<group>"; };
		79A55A7425EE364900CC8767 /* Info.plist */ = {isa = PBXFileReference; lastKnownFileType = text.plist.xml; path = Info.plist; sourceTree = "<group>"; };
		79A55A7925EE364900CC8767 /* ChatAppUITests.xctest */ = {isa = PBXFileReference; explicitFileType = wrapper.cfbundle; includeInIndex = 0; path = ChatAppUITests.xctest; sourceTree = BUILT_PRODUCTS_DIR; };
		79A55A7D25EE364900CC8767 /* ChatAppUITests.swift */ = {isa = PBXFileReference; lastKnownFileType = sourcecode.swift; path = ChatAppUITests.swift; sourceTree = "<group>"; };
		79A55A7F25EE364900CC8767 /* Info.plist */ = {isa = PBXFileReference; lastKnownFileType = text.plist.xml; path = Info.plist; sourceTree = "<group>"; };
/* End PBXFileReference section */

/* Begin PBXFrameworksBuildPhase section */
		79A55A5225EE364400CC8767 /* Frameworks */ = {
			isa = PBXFrameworksBuildPhase;
			buildActionMask = 2147483647;
			files = (
			);
			runOnlyForDeploymentPostprocessing = 0;
		};
		79A55A6B25EE364900CC8767 /* Frameworks */ = {
			isa = PBXFrameworksBuildPhase;
			buildActionMask = 2147483647;
			files = (
			);
			runOnlyForDeploymentPostprocessing = 0;
		};
		79A55A7625EE364900CC8767 /* Frameworks */ = {
			isa = PBXFrameworksBuildPhase;
			buildActionMask = 2147483647;
			files = (
			);
			runOnlyForDeploymentPostprocessing = 0;
		};
/* End PBXFrameworksBuildPhase section */

/* Begin PBXGroup section */
		79A55A4C25EE364400CC8767 = {
			isa = PBXGroup;
			children = (
				79A55A5725EE364400CC8767 /* ChatApp */,
				79A55A7125EE364900CC8767 /* ChatAppTests */,
				79A55A7C25EE364900CC8767 /* ChatAppUITests */,
				79A55A5625EE364400CC8767 /* Products */,
			);
			sourceTree = "<group>";
		};
		79A55A5625EE364400CC8767 /* Products */ = {
			isa = PBXGroup;
			children = (
				79A55A5525EE364400CC8767 /* ChatApp.app */,
				79A55A6E25EE364900CC8767 /* ChatAppTests.xctest */,
				79A55A7925EE364900CC8767 /* ChatAppUITests.xctest */,
			);
			name = Products;
			sourceTree = "<group>";
		};
		79A55A5725EE364400CC8767 /* ChatApp */ = {
			isa = PBXGroup;
			children = (
				79A55A5825EE364400CC8767 /* AppDelegate.swift */,
				79A55A5A25EE364400CC8767 /* SceneDelegate.swift */,
				79A55A5C25EE364400CC8767 /* ViewController.swift */,
				79A55A5E25EE364400CC8767 /* Main.storyboard */,
				79A55A6425EE364800CC8767 /* Assets.xcassets */,
				79A55A6625EE364800CC8767 /* LaunchScreen.storyboard */,
				79A55A6925EE364800CC8767 /* Info.plist */,
				79A55A6125EE364400CC8767 /* ChatApp.xcdatamodeld */,
			);
			path = ChatApp;
			sourceTree = "<group>";
		};
		79A55A7125EE364900CC8767 /* ChatAppTests */ = {
			isa = PBXGroup;
			children = (
				79A55A7225EE364900CC8767 /* ChatAppTests.swift */,
				79A55A7425EE364900CC8767 /* Info.plist */,
			);
			path = ChatAppTests;
			sourceTree = "<group>";
		};
		79A55A7C25EE364900CC8767 /* ChatAppUITests */ = {
			isa = PBXGroup;
			children = (
				79A55A7D25EE364900CC8767 /* ChatAppUITests.swift */,
				79A55A7F25EE364900CC8767 /* Info.plist */,
			);
			path = ChatAppUITests;
			sourceTree = "<group>";
		};
/* End PBXGroup section */

/* Begin PBXNativeTarget section */
		79A55A5425EE364400CC8767 /* ChatApp */ = {
			isa = PBXNativeTarget;
			buildConfigurationList = 79A55A8225EE364900CC8767 /* Build configuration list for PBXNativeTarget "ChatApp" */;
			buildPhases = (
				79A55A5125EE364400CC8767 /* Sources */,
				79A55A5225EE364400CC8767 /* Frameworks */,
				79A55A5325EE364400CC8767 /* Resources */,
			);
			buildRules = (
			);
			dependencies = (
			);
			name = ChatApp;
			productName = ChatApp;
			productReference = 79A55A5525EE364400CC8767 /* ChatApp.app */;
			productType = "com.apple.product-type.application";
		};
		79A55A6D25EE364900CC8767 /* ChatAppTests */ = {
			isa = PBXNativeTarget;
			buildConfigurationList = 79A55A8525EE364900CC8767 /* Build configuration list for PBXNativeTarget "ChatAppTests" */;
			buildPhases = (
				79A55A6A25EE364900CC8767 /* Sources */,
				79A55A6B25EE364900CC8767 /* Frameworks */,
				79A55A6C25EE364900CC8767 /* Resources */,
			);
			buildRules = (
			);
			dependencies = (
				79A55A7025EE364900CC8767 /* PBXTargetDependency */,
			);
			name = ChatAppTests;
			productName = ChatAppTests;
			productReference = 79A55A6E25EE364900CC8767 /* ChatAppTests.xctest */;
			productType = "com.apple.product-type.bundle.unit-test";
		};
		79A55A7825EE364900CC8767 /* ChatAppUITests */ = {
			isa = PBXNativeTarget;
			buildConfigurationList = 79A55A8825EE364900CC8767 /* Build configuration list for PBXNativeTarget "ChatAppUITests" */;
			buildPhases = (
				79A55A7525EE364900CC8767 /* Sources */,
				79A55A7625EE364900CC8767 /* Frameworks */,
				79A55A7725EE364900CC8767 /* Resources */,
			);
			buildRules = (
			);
			dependencies = (
				79A55A7B25EE364900CC8767 /* PBXTargetDependency */,
			);
			name = ChatAppUITests;
			productName = ChatAppUITests;
			productReference = 79A55A7925EE364900CC8767 /* ChatAppUITests.xctest */;
			productType = "com.apple.product-type.bundle.ui-testing";
		};
/* End PBXNativeTarget section */

/* Begin PBXProject section */
		79A55A4D25EE364400CC8767 /* Project object */ = {
			isa = PBXProject;
			attributes = {
				LastSwiftUpdateCheck = 1240;
				LastUpgradeCheck = 1240;
				TargetAttributes = {
					79A55A5425EE364400CC8767 = {
						CreatedOnToolsVersion = 12.4;
					};
					79A55A6D25EE364900CC8767 = {
						CreatedOnToolsVersion = 12.4;
						TestTargetID = 79A55A5425EE364400CC8767;
					};
					79A55A7825EE364900CC8767 = {
						CreatedOnToolsVersion = 12.4;
						TestTargetID = 79A55A5425EE364400CC8767;
					};
				};
			};
			buildConfigurationList = 79A55A5025EE364400CC8767 /* Build configuration list for PBXProject "ChatApp" */;
			compatibilityVersion = "Xcode 9.3";
			developmentRegion = en;
			hasScannedForEncodings = 0;
			knownRegions = (
				en,
				Base,
			);
			mainGroup = 79A55A4C25EE364400CC8767;
			productRefGroup = 79A55A5625EE364400CC8767 /* Products */;
			projectDirPath = "";
			projectRoot = "";
			targets = (
				79A55A5425EE364400CC8767 /* ChatApp */,
				79A55A6D25EE364900CC8767 /* ChatAppTests */,
				79A55A7825EE364900CC8767 /* ChatAppUITests */,
			);
		};
/* End PBXProject section */

/* Begin PBXResourcesBuildPhase section */
		79A55A5325EE364400CC8767 /* Resources */ = {
			isa = PBXResourcesBuildPhase;
			buildActionMask = 2147483647;
			files = (
				79A55A6825EE364800CC8767 /* LaunchScreen.storyboard in Resources */,
				79A55A6525EE364800CC8767 /* Assets.xcassets in Resources */,
				79A55A6025EE364400CC8767 /* Main.storyboard in Resources */,
			);
			runOnlyForDeploymentPostprocessing = 0;
		};
		79A55A6C25EE364900CC8767 /* Resources */ = {
			isa = PBXResourcesBuildPhase;
			buildActionMask = 2147483647;
			files = (
			);
			runOnlyForDeploymentPostprocessing = 0;
		};
		79A55A7725EE364900CC8767 /* Resources */ = {
			isa = PBXResourcesBuildPhase;
			buildActionMask = 2147483647;
			files = (
			);
			runOnlyForDeploymentPostprocessing = 0;
		};
/* End PBXResourcesBuildPhase section */

/* Begin PBXSourcesBuildPhase section */
		79A55A5125EE364400CC8767 /* Sources */ = {
			isa = PBXSourcesBuildPhase;
			buildActionMask = 2147483647;
			files = (
				79A55A5D25EE364400CC8767 /* ViewController.swift in Sources */,
				79A55A6325EE364400CC8767 /* ChatApp.xcdatamodeld in Sources */,
				79A55A5925EE364400CC8767 /* AppDelegate.swift in Sources */,
				79A55A5B25EE364400CC8767 /* SceneDelegate.swift in Sources */,
			);
			runOnlyForDeploymentPostprocessing = 0;
		};
		79A55A6A25EE364900CC8767 /* Sources */ = {
			isa = PBXSourcesBuildPhase;
			buildActionMask = 2147483647;
			files = (
				79A55A7325EE364900CC8767 /* ChatAppTests.swift in Sources */,
			);
			runOnlyForDeploymentPostprocessing = 0;
		};
		79A55A7525EE364900CC8767 /* Sources */ = {
			isa = PBXSourcesBuildPhase;
			buildActionMask = 2147483647;
			files = (
				79A55A7E25EE364900CC8767 /* ChatAppUITests.swift in Sources */,
			);
			runOnlyForDeploymentPostprocessing = 0;
		};
/* End PBXSourcesBuildPhase section */

/* Begin PBXTargetDependency section */
		79A55A7025EE364900CC8767 /* PBXTargetDependency */ = {
			isa = PBXTargetDependency;
			target = 79A55A5425EE364400CC8767 /* ChatApp */;
			targetProxy = 79A55A6F25EE364900CC8767 /* PBXContainerItemProxy */;
		};
		79A55A7B25EE364900CC8767 /* PBXTargetDependency */ = {
			isa = PBXTargetDependency;
			target = 79A55A5425EE364400CC8767 /* ChatApp */;
			targetProxy = 79A55A7A25EE364900CC8767 /* PBXContainerItemProxy */;
		};
/* End PBXTargetDependency section */

/* Begin PBXVariantGroup section */
		79A55A5E25EE364400CC8767 /* Main.storyboard */ = {
			isa = PBXVariantGroup;
			children = (
				79A55A5F25EE364400CC8767 /* Base */,
			);
			name = Main.storyboard;
			sourceTree = "<group>";
		};
		79A55A6625EE364800CC8767 /* LaunchScreen.storyboard */ = {
			isa = PBXVariantGroup;
			children = (
				79A55A6725EE364800CC8767 /* Base */,
			);
			name = LaunchScreen.storyboard;
			sourceTree = "<group>";
		};
/* End PBXVariantGroup section */

/* Begin XCBuildConfiguration section */
		79A55A8025EE364900CC8767 /* Debug */ = {
			isa = XCBuildConfiguration;
			buildSettings = {
				ALWAYS_SEARCH_USER_PATHS = NO;
				CLANG_ANALYZER_NONNULL = YES;
				CLANG_ANALYZER_NUMBER_OBJECT_CONVERSION = YES_AGGRESSIVE;
				CLANG_CXX_LANGUAGE_STANDARD = "gnu++14";
				CLANG_CXX_LIBRARY = "libc++";
				CLANG_ENABLE_MODULES = YES;
				CLANG_ENABLE_OBJC_ARC = YES;
				CLANG_ENABLE_OBJC_WEAK = YES;
				CLANG_WARN_BLOCK_CAPTURE_AUTORELEASING = YES;
				CLANG_WARN_BOOL_CONVERSION = YES;
				CLANG_WARN_COMMA = YES;
				CLANG_WARN_CONSTANT_CONVERSION = YES;
				CLANG_WARN_DEPRECATED_OBJC_IMPLEMENTATIONS = YES;
				CLANG_WARN_DIRECT_OBJC_ISA_USAGE = YES_ERROR;
				CLANG_WARN_DOCUMENTATION_COMMENTS = YES;
				CLANG_WARN_EMPTY_BODY = YES;
				CLANG_WARN_ENUM_CONVERSION = YES;
				CLANG_WARN_INFINITE_RECURSION = YES;
				CLANG_WARN_INT_CONVERSION = YES;
				CLANG_WARN_NON_LITERAL_NULL_CONVERSION = YES;
				CLANG_WARN_OBJC_IMPLICIT_RETAIN_SELF = YES;
				CLANG_WARN_OBJC_LITERAL_CONVERSION = YES;
				CLANG_WARN_OBJC_ROOT_CLASS = YES_ERROR;
				CLANG_WARN_QUOTED_INCLUDE_IN_FRAMEWORK_HEADER = YES;
				CLANG_WARN_RANGE_LOOP_ANALYSIS = YES;
				CLANG_WARN_STRICT_PROTOTYPES = YES;
				CLANG_WARN_SUSPICIOUS_MOVE = YES;
				CLANG_WARN_UNGUARDED_AVAILABILITY = YES_AGGRESSIVE;
				CLANG_WARN_UNREACHABLE_CODE = YES;
				CLANG_WARN__DUPLICATE_METHOD_MATCH = YES;
				COPY_PHASE_STRIP = NO;
				DEBUG_INFORMATION_FORMAT = dwarf;
				ENABLE_STRICT_OBJC_MSGSEND = YES;
				ENABLE_TESTABILITY = YES;
				GCC_C_LANGUAGE_STANDARD = gnu11;
				GCC_DYNAMIC_NO_PIC = NO;
				GCC_NO_COMMON_BLOCKS = YES;
				GCC_OPTIMIZATION_LEVEL = 0;
				GCC_PREPROCESSOR_DEFINITIONS = (
					"DEBUG=1",
					"$(inherited)",
				);
				GCC_WARN_64_TO_32_BIT_CONVERSION = YES;
				GCC_WARN_ABOUT_RETURN_TYPE = YES_ERROR;
				GCC_WARN_UNDECLARED_SELECTOR = YES;
				GCC_WARN_UNINITIALIZED_AUTOS = YES_AGGRESSIVE;
				GCC_WARN_UNUSED_FUNCTION = YES;
				GCC_WARN_UNUSED_VARIABLE = YES;
				IPHONEOS_DEPLOYMENT_TARGET = 14.4;
				MTL_ENABLE_DEBUG_INFO = INCLUDE_SOURCE;
				MTL_FAST_MATH = YES;
				ONLY_ACTIVE_ARCH = YES;
				SDKROOT = iphoneos;
				SWIFT_ACTIVE_COMPILATION_CONDITIONS = DEBUG;
				SWIFT_OPTIMIZATION_LEVEL = "-Onone";
			};
			name = Debug;
		};
		79A55A8125EE364900CC8767 /* Release */ = {
			isa = XCBuildConfiguration;
			buildSettings = {
				ALWAYS_SEARCH_USER_PATHS = NO;
				CLANG_ANALYZER_NONNULL = YES;
				CLANG_ANALYZER_NUMBER_OBJECT_CONVERSION = YES_AGGRESSIVE;
				CLANG_CXX_LANGUAGE_STANDARD = "gnu++14";
				CLANG_CXX_LIBRARY = "libc++";
				CLANG_ENABLE_MODULES = YES;
				CLANG_ENABLE_OBJC_ARC = YES;
				CLANG_ENABLE_OBJC_WEAK = YES;
				CLANG_WARN_BLOCK_CAPTURE_AUTORELEASING = YES;
				CLANG_WARN_BOOL_CONVERSION = YES;
				CLANG_WARN_COMMA = YES;
				CLANG_WARN_CONSTANT_CONVERSION = YES;
				CLANG_WARN_DEPRECATED_OBJC_IMPLEMENTATIONS = YES;
				CLANG_WARN_DIRECT_OBJC_ISA_USAGE = YES_ERROR;
				CLANG_WARN_DOCUMENTATION_COMMENTS = YES;
				CLANG_WARN_EMPTY_BODY = YES;
				CLANG_WARN_ENUM_CONVERSION = YES;
				CLANG_WARN_INFINITE_RECURSION = YES;
				CLANG_WARN_INT_CONVERSION = YES;
				CLANG_WARN_NON_LITERAL_NULL_CONVERSION = YES;
				CLANG_WARN_OBJC_IMPLICIT_RETAIN_SELF = YES;
				CLANG_WARN_OBJC_LITERAL_CONVERSION = YES;
				CLANG_WARN_OBJC_ROOT_CLASS = YES_ERROR;
				CLANG_WARN_QUOTED_INCLUDE_IN_FRAMEWORK_HEADER = YES;
				CLANG_WARN_RANGE_LOOP_ANALYSIS = YES;
				CLANG_WARN_STRICT_PROTOTYPES = YES;
				CLANG_WARN_SUSPICIOUS_MOVE = YES;
				CLANG_WARN_UNGUARDED_AVAILABILITY = YES_AGGRESSIVE;
				CLANG_WARN_UNREACHABLE_CODE = YES;
				CLANG_WARN__DUPLICATE_METHOD_MATCH = YES;
				COPY_PHASE_STRIP = NO;
				DEBUG_INFORMATION_FORMAT = "dwarf-with-dsym";
				ENABLE_NS_ASSERTIONS = NO;
				ENABLE_STRICT_OBJC_MSGSEND = YES;
				GCC_C_LANGUAGE_STANDARD = gnu11;
				GCC_NO_COMMON_BLOCKS = YES;
				GCC_WARN_64_TO_32_BIT_CONVERSION = YES;
				GCC_WARN_ABOUT_RETURN_TYPE = YES_ERROR;
				GCC_WARN_UNDECLARED_SELECTOR = YES;
				GCC_WARN_UNINITIALIZED_AUTOS = YES_AGGRESSIVE;
				GCC_WARN_UNUSED_FUNCTION = YES;
				GCC_WARN_UNUSED_VARIABLE = YES;
				IPHONEOS_DEPLOYMENT_TARGET = 14.4;
				MTL_ENABLE_DEBUG_INFO = NO;
				MTL_FAST_MATH = YES;
				SDKROOT = iphoneos;
				SWIFT_COMPILATION_MODE = wholemodule;
				SWIFT_OPTIMIZATION_LEVEL = "-O";
				VALIDATE_PRODUCT = YES;
			};
			name = Release;
		};
		79A55A8325EE364900CC8767 /* Debug */ = {
			isa = XCBuildConfiguration;
			buildSettings = {
				ASSETCATALOG_COMPILER_APPICON_NAME = AppIcon;
				ASSETCATALOG_COMPILER_GLOBAL_ACCENT_COLOR_NAME = AccentColor;
				CODE_SIGN_STYLE = Automatic;
				DEVELOPMENT_TEAM = F9S3RNH4AX;
				INFOPLIST_FILE = ChatApp/Info.plist;
				LD_RUNPATH_SEARCH_PATHS = (
					"$(inherited)",
					"@executable_path/Frameworks",
				);
				PRODUCT_BUNDLE_IDENTIFIER = com.violetars.ChatApp;
				PRODUCT_NAME = "$(TARGET_NAME)";
				SWIFT_VERSION = 5.0;
				TARGETED_DEVICE_FAMILY = "1,2";
			};
			name = Debug;
		};
		79A55A8425EE364900CC8767 /* Release */ = {
			isa = XCBuildConfiguration;
			buildSettings = {
				ASSETCATALOG_COMPILER_APPICON_NAME = AppIcon;
				ASSETCATALOG_COMPILER_GLOBAL_ACCENT_COLOR_NAME = AccentColor;
				CODE_SIGN_STYLE = Automatic;
				DEVELOPMENT_TEAM = F9S3RNH4AX;
				INFOPLIST_FILE = ChatApp/Info.plist;
				LD_RUNPATH_SEARCH_PATHS = (
					"$(inherited)",
					"@executable_path/Frameworks",
				);
				PRODUCT_BUNDLE_IDENTIFIER = com.violetars.ChatApp;
				PRODUCT_NAME = "$(TARGET_NAME)";
				SWIFT_VERSION = 5.0;
				TARGETED_DEVICE_FAMILY = "1,2";
			};
			name = Release;
		};
		79A55A8625EE364900CC8767 /* Debug */ = {
			isa = XCBuildConfiguration;
			buildSettings = {
				ALWAYS_EMBED_SWIFT_STANDARD_LIBRARIES = YES;
				BUNDLE_LOADER = "$(TEST_HOST)";
				CODE_SIGN_STYLE = Automatic;
				DEVELOPMENT_TEAM = F9S3RNH4AX;
				INFOPLIST_FILE = ChatAppTests/Info.plist;
				IPHONEOS_DEPLOYMENT_TARGET = 14.4;
				LD_RUNPATH_SEARCH_PATHS = (
					"$(inherited)",
					"@executable_path/Frameworks",
					"@loader_path/Frameworks",
				);
				PRODUCT_BUNDLE_IDENTIFIER = com.violetars.ChatAppTests;
				PRODUCT_NAME = "$(TARGET_NAME)";
				SWIFT_VERSION = 5.0;
				TARGETED_DEVICE_FAMILY = "1,2";
				TEST_HOST = "$(BUILT_PRODUCTS_DIR)/ChatApp.app/ChatApp";
			};
			name = Debug;
		};
		79A55A8725EE364900CC8767 /* Release */ = {
			isa = XCBuildConfiguration;
			buildSettings = {
				ALWAYS_EMBED_SWIFT_STANDARD_LIBRARIES = YES;
				BUNDLE_LOADER = "$(TEST_HOST)";
				CODE_SIGN_STYLE = Automatic;
				DEVELOPMENT_TEAM = F9S3RNH4AX;
				INFOPLIST_FILE = ChatAppTests/Info.plist;
				IPHONEOS_DEPLOYMENT_TARGET = 14.4;
				LD_RUNPATH_SEARCH_PATHS = (
					"$(inherited)",
					"@executable_path/Frameworks",
					"@loader_path/Frameworks",
				);
				PRODUCT_BUNDLE_IDENTIFIER = com.violetars.ChatAppTests;
				PRODUCT_NAME = "$(TARGET_NAME)";
				SWIFT_VERSION = 5.0;
				TARGETED_DEVICE_FAMILY = "1,2";
				TEST_HOST = "$(BUILT_PRODUCTS_DIR)/ChatApp.app/ChatApp";
			};
			name = Release;
		};
		79A55A8925EE364900CC8767 /* Debug */ = {
			isa = XCBuildConfiguration;
			buildSettings = {
				ALWAYS_EMBED_SWIFT_STANDARD_LIBRARIES = YES;
				CODE_SIGN_STYLE = Automatic;
				DEVELOPMENT_TEAM = F9S3RNH4AX;
				INFOPLIST_FILE = ChatAppUITests/Info.plist;
				LD_RUNPATH_SEARCH_PATHS = (
					"$(inherited)",
					"@executable_path/Frameworks",
					"@loader_path/Frameworks",
				);
				PRODUCT_BUNDLE_IDENTIFIER = com.violetars.ChatAppUITests;
				PRODUCT_NAME = "$(TARGET_NAME)";
				SWIFT_VERSION = 5.0;
				TARGETED_DEVICE_FAMILY = "1,2";
				TEST_TARGET_NAME = ChatApp;
			};
			name = Debug;
		};
		79A55A8A25EE364900CC8767 /* Release */ = {
			isa = XCBuildConfiguration;
			buildSettings = {
				ALWAYS_EMBED_SWIFT_STANDARD_LIBRARIES = YES;
				CODE_SIGN_STYLE = Automatic;
				DEVELOPMENT_TEAM = F9S3RNH4AX;
				INFOPLIST_FILE = ChatAppUITests/Info.plist;
				LD_RUNPATH_SEARCH_PATHS = (
					"$(inherited)",
					"@executable_path/Frameworks",
					"@loader_path/Frameworks",
				);
				PRODUCT_BUNDLE_IDENTIFIER = com.violetars.ChatAppUITests;
				PRODUCT_NAME = "$(TARGET_NAME)";
				SWIFT_VERSION = 5.0;
				TARGETED_DEVICE_FAMILY = "1,2";
				TEST_TARGET_NAME = ChatApp;
			};
			name = Release;
		};
/* End XCBuildConfiguration section */

/* Begin XCConfigurationList section */
		79A55A5025EE364400CC8767 /* Build configuration list for PBXProject "ChatApp" */ = {
			isa = XCConfigurationList;
			buildConfigurations = (
				79A55A8025EE364900CC8767 /* Debug */,
				79A55A8125EE364900CC8767 /* Release */,
			);
			defaultConfigurationIsVisible = 0;
			defaultConfigurationName = Release;
		};
		79A55A8225EE364900CC8767 /* Build configuration list for PBXNativeTarget "ChatApp" */ = {
			isa = XCConfigurationList;
			buildConfigurations = (
				79A55A8325EE364900CC8767 /* Debug */,
				79A55A8425EE364900CC8767 /* Release */,
			);
			defaultConfigurationIsVisible = 0;
			defaultConfigurationName = Release;
		};
		79A55A8525EE364900CC8767 /* Build configuration list for PBXNativeTarget "ChatAppTests" */ = {
			isa = XCConfigurationList;
			buildConfigurations = (
				79A55A8625EE364900CC8767 /* Debug */,
				79A55A8725EE364900CC8767 /* Release */,
			);
			defaultConfigurationIsVisible = 0;
			defaultConfigurationName = Release;
		};
		79A55A8825EE364900CC8767 /* Build configuration list for PBXNativeTarget "ChatAppUITests" */ = {
			isa = XCConfigurationList;
			buildConfigurations = (
				79A55A8925EE364900CC8767 /* Debug */,
				79A55A8A25EE364900CC8767 /* Release */,
			);
			defaultConfigurationIsVisible = 0;
			defaultConfigurationName = Release;
		};
/* End XCConfigurationList section */

/* Begin XCVersionGroup section */
		79A55A6125EE364400CC8767 /* ChatApp.xcdatamodeld */ = {
			isa = XCVersionGroup;
			children = (
				79A55A6225EE364400CC8767 /* ChatApp.xcdatamodel */,
			);
			currentVersion = 79A55A6225EE364400CC8767 /* ChatApp.xcdatamodel */;
			path = ChatApp.xcdatamodeld;
			sourceTree = "<group>";
			versionGroupType = wrapper.xcdatamodel;
		};
/* End XCVersionGroup section */
	};
	rootObject = 79A55A4D25EE364400CC8767 /* Project object */;
}
